
Microsoft Visual Studio Solution File, Format Version 12.00
# Visual Studio Version 16
VisualStudioVersion = 16.0.30907.101
MinimumVisualStudioVersion = 10.0.40219.1
Project("{888888A0-9F3D-457C-B088-3A5042F75D52}") = "ValorCardinalPortugal_Python", "ValorCardinalPortugal_Python\ValorCardinalPortugal_Python.pyproj", "{A3BD68BB-69A2-42A4-B94D-6679378D41DD}"
EndProject
Global
	GlobalSection(SolutionConfigurationPlatforms) = preSolution
		Debug|Any CPU = Debug|Any CPU
		Release|Any CPU = Release|Any CPU
	EndGlobalSection
	GlobalSection(ProjectConfigurationPlatforms) = postSolution
		{A3BD68BB-69A2-42A4-B94D-6679378D41DD}.Debug|Any CPU.ActiveCfg = Debug|Any CPU
		{A3BD68BB-69A2-42A4-B94D-6679378D41DD}.Release|Any CPU.ActiveCfg = Release|Any CPU
	EndGlobalSection
	GlobalSection(SolutionProperties) = preSolution
		HideSolutionNode = FALSE
	EndGlobalSection
	GlobalSection(ExtensibilityGlobals) = postSolution
		SolutionGuid = {FA06FD02-E6DA-4BC3-B55C-D4C9A9568DF4}
	EndGlobalSection
EndGlobal
